github.com/davecgh/go-spew v1.1.0/go.mod h1:J7Y8YcW2NihsgmVo/mv3lAwl/skON4iLHjSsI+c5H38=
github.com/hanzoai/gochimp3 v0.0.0-20210305004051-da66ea724147 h1:gfRXBgmkTMt7yuwW/ugBjbd+c0eoP++0otxdAePhY2U=
github.com/hanzoai/gochimp3 v0.0.0-20210305004051-da66ea724147/go.mod h1:zJr4NZygb2gyqkQpZ2Yf/UzbOhIhVfLCj8ST925KPrI=
github.com/njason/shouldwater v0.0.0-20221226030300-df18d3f96b63 h1:rVRf0Boo+RlXhET/roRANugYI4Pvx4+bC8/X3V1YIWg=
github.com/njason/shouldwater v0.0.0-20221226030300-df18d3f96b63/go.mod h1:qa9hGF/0jx6CQqRC5Rs3Iq1LUVQ3OOy/k+ToFpQHxXo=
github.com/njason/shouldwater v0.0.0-20221226032820-27890fcfa43a h1:msUUQMdlF/H2LumcQ1kXHGlJvNQPXaQQqRl37lwUMLU=
github.com/njason/shouldwater v0.0.0-20221226032820-27890fcfa43a/go.mod h1:qa9hGF/0jx6CQqRC5Rs3Iq1LUVQ3OOy/k+ToFpQHxXo=
github.com/njason/tomorrowio-api-client v0.0.0-20221226041327-b1269f47d4fb h1:Ti5iFdlO/gDOMt1WA5JLeqWccwfbN2NeQg3HDc8og/Y=
github.com/njason/tomorrowio-api-client v0.0.0-20221226041327-b1269f47d4fb/go.mod h1:/31aJHudvJP6kulgl/TRFNIoLln28KQiNhb+h/iW/DM=
github.com/njason/tomorrowio-api-client v0.0.0-20230825034513-f3be17512ee4 h1:s/2Iv1OBUmQgllXY7RlkcTpXzY+fls4WxS5yBogfxhs=
github.com/njason/tomorrowio-api-client v0.0.0-20230825034513-f3be17512ee4/go.mod h1:/31aJHudvJP6kulgl/TRFNIoLln28KQiNhb+h/iW/DM=
github.com/njason/weather-api-client v0.0.0-20230807044440-56d6fadd75f3 h1:UJBENcd6VDYy5C0lNlnGoUM+evWxGVKEguoODfZugCM=
github.com/njason/weather-api-client v0.0.0-20230807044440-56d6fadd75f3/go.mod h1:+PoJ1IEbGcrxdcC69ONmuK2TyZVIymiW1kHo26CVwEk=
github.com/njason/weather-api-client v0.0.0-20240202035839-4a1f8d084118 h1:WgDkh1LPhH2FpS4dMKsdlXaWwOqZW/BPLr33UQW3BBk=
github.com/njason/weather-api-client v0.0.0-20240202035839-4a1f8d084118/go.mod h1:+PoJ1IEbGcrxdcC69ONmuK2TyZVIymiW1kHo26CVwEk=
github.com/pmezard/go-difflib v1.0.0/go.mod h1:iKH77koFhYxTK1pcRnkKkqfTogsbg7gZNVY4sRDYZ/4=
github.com/stretchr/objx v0.1.0/go.mod h1:HFkY916IF+rwdDfMAkV7OtwuqBVzrE8GR6GFx+wExME=
github.com/stretchr/testify v1.5.1/go.mod h1:5W2xD1RspED5o8YsWQXVCued0rvSQ+mT+I5cxcmMvtA=
gopkg.in/check.v1 v0.0.0-20161208181325-20d25e280405/go.mod h1:Co6ibVJAznAaIkqp8huTwlJQCZ016jof/cbN4VW5Yz0=
gopkg.in/yaml.v2 v2.2.2/go.mod h1:hI93XBmqTisBFMUTm0b8Fm+jr3Dg1NNxqwp+5A1VGuI=
gopkg.in/yaml.v3 v3.0.0-20210107192922-496545a6307b h1:h8qDotaEPuJATrMmW04NCwg7v22aHH28wwpauUhK9Oo=
gopkg.in/yaml.v3 v3.0.0-20210107192922-496545a6307b/go.mod h1:K4uyk7z7BCEPqu6E+C64Yfv1cQ7kz7rIZviUmN+EgEM=
gopkg.in/yaml.v3 v3.0.1 h1:fxVm/GzAzEWqLHuvctI91KS9hhNmmWOoWu0XTYJS7CA=
gopkg.in/yaml.v3 v3.0.1/go.mod h1:K4uyk7z7BCEPqu6E+C64Yfv1cQ7kz7rIZviUmN+EgEM=
